// !$*UTF8*$!
{
	archiveVersion = 1;
	classes = {
	};
	objectVersion = 42;
	objects = {

/* Begin PBXBuildFile section */
		005DA62306C8D7BF00ACF77D /* WiFiController.cpp in Sources */ = {isa = PBXBuildFile; fileRef = 005DA61A06C8D7BF00ACF77D /* WiFiController.cpp */; };
		005DA62406C8D7BF00ACF77D /* WiFiController.h in Headers */ = {isa = PBXBuildFile; fileRef = 005DA61B06C8D7BF00ACF77D /* WiFiController.h */; };
		005DA62506C8D7BF00ACF77D /* WiFiControllerPCI.cpp in Sources */ = {isa = PBXBuildFile; fileRef = 005DA61C06C8D7BF00ACF77D /* WiFiControllerPCI.cpp */; };
		005DA62606C8D7BF00ACF77D /* WiFiControllerPCI.h in Headers */ = {isa = PBXBuildFile; fileRef = 005DA61D06C8D7BF00ACF77D /* WiFiControllerPCI.h */; };
		005DA62706C8D7BF00ACF77D /* WiFiLogger.h in Headers */ = {isa = PBXBuildFile; fileRef = 005DA61E06C8D7BF00ACF77D /* WiFiLogger.h */; };
		005DA62806C8D7BF00ACF77D /* WiFiPower.cpp in Sources */ = {isa = PBXBuildFile; fileRef = 005DA61F06C8D7BF00ACF77D /* WiFiPower.cpp */; };
		005DA62906C8D7BF00ACF77D /* WiFiUserClient.cpp in Sources */ = {isa = PBXBuildFile; fileRef = 005DA62006C8D7BF00ACF77D /* WiFiUserClient.cpp */; };
		005DA62A06C8D7BF00ACF77D /* WiFiUserClient.h in Headers */ = {isa = PBXBuildFile; fileRef = 005DA62106C8D7BF00ACF77D /* WiFiUserClient.h */; };
		005DA62B06C8D7BF00ACF77D /* WiFiUserInterface.h in Headers */ = {isa = PBXBuildFile; fileRef = 005DA62206C8D7BF00ACF77D /* WiFiUserInterface.h */; };
		005DA65806C8D9E400ACF77D /* AtheroJack.kext in CopyFiles */ = {isa = PBXBuildFile; fileRef = 32D94FD00562CBF700B6AF17 /* AtheroJack.kext */; };
		00658D4D07FC1F320045E387 /* OpenHALAbstracts.cpp in Sources */ = {isa = PBXBuildFile; fileRef = 00658D4C07FC1F320045E387 /* OpenHALAbstracts.cpp */; };
		0065932907FE9E420045E387 /* AtheroJack.cpp in Sources */ = {isa = PBXBuildFile; fileRef = 1A224C3FFF42367911CA2CB7 /* AtheroJack.cpp */; };
		006E29BB07FB152F008BA14E /* OpenHAL.h in Headers */ = {isa = PBXBuildFile; fileRef = 006E29B907FB152F008BA14E /* OpenHAL.h */; };
		006E29BC07FB152F008BA14E /* OpenHAL.cpp in Sources */ = {isa = PBXBuildFile; fileRef = 006E29BA07FB152F008BA14E /* OpenHAL.cpp */; };
		006E2A4807FB1C36008BA14E /* ieeeLite.h in Headers */ = {isa = PBXBuildFile; fileRef = 006E2A4707FB1C36008BA14E /* ieeeLite.h */; };
		006E2A6407FB1D34008BA14E /* OpenHALDefinitions.h in Headers */ = {isa = PBXBuildFile; fileRef = 006E2A6307FB1D34008BA14E /* OpenHALDefinitions.h */; };
		006E2B4407FB286D008BA14E /* OpenHAL5212.h in Headers */ = {isa = PBXBuildFile; fileRef = 006E2B4207FB286D008BA14E /* OpenHAL5212.h */; };
		006E2B4507FB286D008BA14E /* OpenHAL5212.cpp in Sources */ = {isa = PBXBuildFile; fileRef = 006E2B4307FB286D008BA14E /* OpenHAL5212.cpp */; };
		006E2CBA07FB5660008BA14E /* ar5212var.h in Headers */ = {isa = PBXBuildFile; fileRef = 006E2CB807FB5660008BA14E /* ar5212var.h */; };
		006E2CBB07FB5660008BA14E /* ar5212reg.h in Headers */ = {isa = PBXBuildFile; fileRef = 006E2CB907FB5660008BA14E /* ar5212reg.h */; };
		2274D09609E9A2A600BE03D9 /* ieeeLite.cpp in Sources */ = {isa = PBXBuildFile; fileRef = 2274D09509E9A2A600BE03D9 /* ieeeLite.cpp */; };
		32D94FC60562CBF700B6AF17 /* AtheroJack.h in Headers */ = {isa = PBXBuildFile; fileRef = 1A224C3EFF42367911CA2CB7 /* AtheroJack.h */; };
		32D94FC80562CBF700B6AF17 /* InfoPlist.strings in Resources */ = {isa = PBXBuildFile; fileRef = 089C167DFE841241C02AAC07 /* InfoPlist.strings */; };
/* End PBXBuildFile section */

/* Begin PBXCopyFilesBuildPhase section */
		005DA60406C8D58400ACF77D /* CopyFiles */ = {
			isa = PBXCopyFilesBuildPhase;
			buildActionMask = 2147483647;
			dstPath = ../../../files;
			dstSubfolderSpec = 16;
			files = (
				005DA65806C8D9E400ACF77D /* AtheroJack.kext in CopyFiles */,
			);
			runOnlyForDeploymentPostprocessing = 0;
		};
/* End PBXCopyFilesBuildPhase section */

/* Begin PBXFileReference section */
		005DA61A06C8D7BF00ACF77D /* WiFiController.cpp */ = {isa = PBXFileReference; fileEncoding = 30; lastKnownFileType = sourcecode.cpp.cpp; path = WiFiController.cpp; sourceTree = "<group>"; };
		005DA61B06C8D7BF00ACF77D /* WiFiController.h */ = {isa = PBXFileReference; fileEncoding = 30; lastKnownFileType = sourcecode.c.h; path = WiFiController.h; sourceTree = "<group>"; };
		005DA61C06C8D7BF00ACF77D /* WiFiControllerPCI.cpp */ = {isa = PBXFileReference; fileEncoding = 30; lastKnownFileType = sourcecode.cpp.cpp; path = WiFiControllerPCI.cpp; sourceTree = "<group>"; };
		005DA61D06C8D7BF00ACF77D /* WiFiControllerPCI.h */ = {isa = PBXFileReference; fileEncoding = 30; lastKnownFileType = sourcecode.c.h; path = WiFiControllerPCI.h; sourceTree = "<group>"; };
		005DA61E06C8D7BF00ACF77D /* WiFiLogger.h */ = {isa = PBXFileReference; fileEncoding = 30; lastKnownFileType = sourcecode.c.h; path = WiFiLogger.h; sourceTree = "<group>"; };
		005DA61F06C8D7BF00ACF77D /* WiFiPower.cpp */ = {isa = PBXFileReference; fileEncoding = 30; lastKnownFileType = sourcecode.cpp.cpp; path = WiFiPower.cpp; sourceTree = "<group>"; };
		005DA62006C8D7BF00ACF77D /* WiFiUserClient.cpp */ = {isa = PBXFileReference; fileEncoding = 30; lastKnownFileType = sourcecode.cpp.cpp; path = WiFiUserClient.cpp; sourceTree = "<group>"; };
		005DA62106C8D7BF00ACF77D /* WiFiUserClient.h */ = {isa = PBXFileReference; fileEncoding = 30; lastKnownFileType = sourcecode.c.h; path = WiFiUserClient.h; sourceTree = "<group>"; };
		005DA62206C8D7BF00ACF77D /* WiFiUserInterface.h */ = {isa = PBXFileReference; fileEncoding = 30; lastKnownFileType = sourcecode.c.h; path = WiFiUserInterface.h; sourceTree = "<group>"; };
		00658D4C07FC1F320045E387 /* OpenHALAbstracts.cpp */ = {isa = PBXFileReference; fileEncoding = 30; lastKnownFileType = sourcecode.cpp.cpp; name = OpenHALAbstracts.cpp; path = OpenHAL/OpenHALAbstracts.cpp; sourceTree = "<group>"; };
		006E29B907FB152F008BA14E /* OpenHAL.h */ = {isa = PBXFileReference; fileEncoding = 4; lastKnownFileType = sourcecode.c.h; name = OpenHAL.h; path = OpenHAL/OpenHAL.h; sourceTree = "<group>"; };
		006E29BA07FB152F008BA14E /* OpenHAL.cpp */ = {isa = PBXFileReference; fileEncoding = 4; lastKnownFileType = sourcecode.cpp.cpp; name = OpenHAL.cpp; path = OpenHAL/OpenHAL.cpp; sourceTree = "<group>"; };
		006E2A4707FB1C36008BA14E /* ieeeLite.h */ = {isa = PBXFileReference; fileEncoding = 30; lastKnownFileType = sourcecode.c.h; name = ieeeLite.h; path = OpenHAL/ieeeLite.h; sourceTree = "<group>"; };
		006E2A6307FB1D34008BA14E /* OpenHALDefinitions.h */ = {isa = PBXFileReference; fileEncoding = 4; lastKnownFileType = sourcecode.c.h; name = OpenHALDefinitions.h; path = OpenHAL/OpenHALDefinitions.h; sourceTree = "<group>"; };
		006E2B4207FB286D008BA14E /* OpenHAL5212.h */ = {isa = PBXFileReference; fileEncoding = 4; lastKnownFileType = sourcecode.c.h; name = OpenHAL5212.h; path = OpenHAL/OpenHAL5212.h; sourceTree = "<group>"; };
		006E2B4307FB286D008BA14E /* OpenHAL5212.cpp */ = {isa = PBXFileReference; fileEncoding = 4; lastKnownFileType = sourcecode.cpp.cpp; name = OpenHAL5212.cpp; path = OpenHAL/OpenHAL5212.cpp; sourceTree = "<group>"; };
		006E2CB807FB5660008BA14E /* ar5212var.h */ = {isa = PBXFileReference; fileEncoding = 30; lastKnownFileType = sourcecode.c.h; name = ar5212var.h; path = OpenHAL/ar5212var.h; sourceTree = "<group>"; };
		006E2CB907FB5660008BA14E /* ar5212reg.h */ = {isa = PBXFileReference; fileEncoding = 30; lastKnownFileType = sourcecode.c.h; name = ar5212reg.h; path = OpenHAL/ar5212reg.h; sourceTree = "<group>"; };
		089C167EFE841241C02AAC07 /* English */ = {isa = PBXFileReference; fileEncoding = 10; lastKnownFileType = text.plist.strings; name = English; path = English.lproj/InfoPlist.strings; sourceTree = "<group>"; };
		1A224C3EFF42367911CA2CB7 /* AtheroJack.h */ = {isa = PBXFileReference; fileEncoding = 4; lastKnownFileType = sourcecode.c.h; path = AtheroJack.h; sourceTree = "<group>"; };
		1A224C3FFF42367911CA2CB7 /* AtheroJack.cpp */ = {isa = PBXFileReference; fileEncoding = 4; lastKnownFileType = sourcecode.cpp.cpp; path = AtheroJack.cpp; sourceTree = "<group>"; };
		2274D09509E9A2A600BE03D9 /* ieeeLite.cpp */ = {isa = PBXFileReference; explicitFileType = sourcecode.cpp.cpp; fileEncoding = 4; name = ieeeLite.cpp; path = OpenHAL/ieeeLite.cpp; sourceTree = "<group>"; };
		32D94FCF0562CBF700B6AF17 /* Info.plist */ = {isa = PBXFileReference; lastKnownFileType = text.plist.xml; path = Info.plist; sourceTree = "<group>"; };
		32D94FD00562CBF700B6AF17 /* AtheroJack.kext */ = {isa = PBXFileReference; explicitFileType = wrapper.cfbundle; includeInIndex = 0; path = AtheroJack.kext; sourceTree = BUILT_PRODUCTS_DIR; };
		8DA80CCF06AD972A00E5AC22 /* Kernel.framework */ = {isa = PBXFileReference; lastKnownFileType = wrapper.framework; name = Kernel.framework; path = /System/Library/Frameworks/Kernel.framework; sourceTree = "<absolute>"; };
/* End PBXFileReference section */

/* Begin PBXFrameworksBuildPhase section */
		32D94FCB0562CBF700B6AF17 /* Frameworks */ = {
			isa = PBXFrameworksBuildPhase;
			buildActionMask = 2147483647;
			files = (
			);
			runOnlyForDeploymentPostprocessing = 0;
		};
/* End PBXFrameworksBuildPhase section */

/* Begin PBXGroup section */
		006E29B807FB150D008BA14E /* OpenHAL */ = {
			isa = PBXGroup;
			children = (
				006E2A4707FB1C36008BA14E /* ieeeLite.h */,
				2274D09509E9A2A600BE03D9 /* ieeeLite.cpp */,
				006E29B907FB152F008BA14E /* OpenHAL.h */,
				006E29BA07FB152F008BA14E /* OpenHAL.cpp */,
				00658D4C07FC1F320045E387 /* OpenHALAbstracts.cpp */,
				006E2A6307FB1D34008BA14E /* OpenHALDefinitions.h */,
				006E2B4207FB286D008BA14E /* OpenHAL5212.h */,
				006E2B4307FB286D008BA14E /* OpenHAL5212.cpp */,
				006E2CB807FB5660008BA14E /* ar5212var.h */,
				006E2CB907FB5660008BA14E /* ar5212reg.h */,
			);
			name = OpenHAL;
			sourceTree = "<group>";
		};
		089C166AFE841209C02AAC07 /* AtheroJack */ = {
			isa = PBXGroup;
			children = (
				247142CAFF3F8F9811CA285C /* Source */,
				8DA80CCF06AD972A00E5AC22 /* Kernel.framework */,
				089C167CFE841241C02AAC07 /* Resources */,
				19C28FB6FE9D52B211CA2CBB /* Products */,
			);
			name = AtheroJack;
			sourceTree = "<group>";
		};
		089C167CFE841241C02AAC07 /* Resources */ = {
			isa = PBXGroup;
			children = (
				32D94FCF0562CBF700B6AF17 /* Info.plist */,
				089C167DFE841241C02AAC07 /* InfoPlist.strings */,
			);
			name = Resources;
			sourceTree = "<group>";
		};
		19C28FB6FE9D52B211CA2CBB /* Products */ = {
			isa = PBXGroup;
			children = (
				32D94FD00562CBF700B6AF17 /* AtheroJack.kext */,
			);
			name = Products;
			sourceTree = "<group>";
		};
		247142CAFF3F8F9811CA285C /* Source */ = {
			isa = PBXGroup;
			children = (
				006E29B807FB150D008BA14E /* OpenHAL */,
				005DA61A06C8D7BF00ACF77D /* WiFiController.cpp */,
				005DA61B06C8D7BF00ACF77D /* WiFiController.h */,
				005DA61C06C8D7BF00ACF77D /* WiFiControllerPCI.cpp */,
				005DA61D06C8D7BF00ACF77D /* WiFiControllerPCI.h */,
				005DA61E06C8D7BF00ACF77D /* WiFiLogger.h */,
				005DA61F06C8D7BF00ACF77D /* WiFiPower.cpp */,
				005DA62006C8D7BF00ACF77D /* WiFiUserClient.cpp */,
				005DA62106C8D7BF00ACF77D /* WiFiUserClient.h */,
				005DA62206C8D7BF00ACF77D /* WiFiUserInterface.h */,
				1A224C3EFF42367911CA2CB7 /* AtheroJack.h */,
				1A224C3FFF42367911CA2CB7 /* AtheroJack.cpp */,
			);
			name = Source;
			sourceTree = "<group>";
		};
/* End PBXGroup section */

/* Begin PBXHeadersBuildPhase section */
		32D94FC50562CBF700B6AF17 /* Headers */ = {
			isa = PBXHeadersBuildPhase;
			buildActionMask = 2147483647;
			files = (
				32D94FC60562CBF700B6AF17 /* AtheroJack.h in Headers */,
				005DA62406C8D7BF00ACF77D /* WiFiController.h in Headers */,
				005DA62606C8D7BF00ACF77D /* WiFiControllerPCI.h in Headers */,
				005DA62706C8D7BF00ACF77D /* WiFiLogger.h in Headers */,
				005DA62A06C8D7BF00ACF77D /* WiFiUserClient.h in Headers */,
				005DA62B06C8D7BF00ACF77D /* WiFiUserInterface.h in Headers */,
				006E29BB07FB152F008BA14E /* OpenHAL.h in Headers */,
				006E2A4807FB1C36008BA14E /* ieeeLite.h in Headers */,
				006E2A6407FB1D34008BA14E /* OpenHALDefinitions.h in Headers */,
				006E2B4407FB286D008BA14E /* OpenHAL5212.h in Headers */,
				006E2CBA07FB5660008BA14E /* ar5212var.h in Headers */,
				006E2CBB07FB5660008BA14E /* ar5212reg.h in Headers */,
			);
			runOnlyForDeploymentPostprocessing = 0;
		};
/* End PBXHeadersBuildPhase section */

/* Begin PBXNativeTarget section */
		32D94FC30562CBF700B6AF17 /* AtheroJack */ = {
			isa = PBXNativeTarget;
			buildConfigurationList = 00AC26670870A36C00885CB6 /* Build configuration list for PBXNativeTarget "AtheroJack" */;
			buildPhases = (
				32D94FC50562CBF700B6AF17 /* Headers */,
				32D94FC70562CBF700B6AF17 /* Resources */,
				32D94FC90562CBF700B6AF17 /* Sources */,
				32D94FCB0562CBF700B6AF17 /* Frameworks */,
				32D94FCC0562CBF700B6AF17 /* Rez */,
				005DA60406C8D58400ACF77D /* CopyFiles */,
			);
			buildRules = (
			);
			dependencies = (
			);
			name = AtheroJack;
			productInstallPath = "$(SYSTEM_LIBRARY_DIR)/Extensions";
			productName = AtheroJack;
			productReference = 32D94FD00562CBF700B6AF17 /* AtheroJack.kext */;
			productType = "com.apple.product-type.kernel-extension.iokit";
		};
/* End PBXNativeTarget section */

/* Begin PBXProject section */
		089C1669FE841209C02AAC07 /* Project object */ = {
			isa = PBXProject;
			buildConfigurationList = 00AC266B0870A36C00885CB6 /* Build configuration list for PBXProject "AtheroJack" */;
			compatibilityVersion = "Xcode 2.4";
			hasScannedForEncodings = 1;
			mainGroup = 089C166AFE841209C02AAC07 /* AtheroJack */;
			projectDirPath = "";
			projectRoot = "";
			targets = (
				32D94FC30562CBF700B6AF17 /* AtheroJack */,
			);
		};
/* End PBXProject section */

/* Begin PBXResourcesBuildPhase section */
		32D94FC70562CBF700B6AF17 /* Resources */ = {
			isa = PBXResourcesBuildPhase;
			buildActionMask = 2147483647;
			files = (
				32D94FC80562CBF700B6AF17 /* InfoPlist.strings in Resources */,
			);
			runOnlyForDeploymentPostprocessing = 0;
		};
/* End PBXResourcesBuildPhase section */

/* Begin PBXRezBuildPhase section */
		32D94FCC0562CBF700B6AF17 /* Rez */ = {
			isa = PBXRezBuildPhase;
			buildActionMask = 2147483647;
			files = (
			);
			runOnlyForDeploymentPostprocessing = 0;
		};
/* End PBXRezBuildPhase section */

/* Begin PBXSourcesBuildPhase section */
		32D94FC90562CBF700B6AF17 /* Sources */ = {
			isa = PBXSourcesBuildPhase;
			buildActionMask = 2147483647;
			files = (
				0065932907FE9E420045E387 /* AtheroJack.cpp in Sources */,
				005DA62306C8D7BF00ACF77D /* WiFiController.cpp in Sources */,
				005DA62506C8D7BF00ACF77D /* WiFiControllerPCI.cpp in Sources */,
				005DA62806C8D7BF00ACF77D /* WiFiPower.cpp in Sources */,
				005DA62906C8D7BF00ACF77D /* WiFiUserClient.cpp in Sources */,
				006E29BC07FB152F008BA14E /* OpenHAL.cpp in Sources */,
				006E2B4507FB286D008BA14E /* OpenHAL5212.cpp in Sources */,
				00658D4D07FC1F320045E387 /* OpenHALAbstracts.cpp in Sources */,
				2274D09609E9A2A600BE03D9 /* ieeeLite.cpp in Sources */,
			);
			runOnlyForDeploymentPostprocessing = 0;
		};
/* End PBXSourcesBuildPhase section */

/* Begin PBXVariantGroup section */
		089C167DFE841241C02AAC07 /* InfoPlist.strings */ = {
			isa = PBXVariantGroup;
			children = (
				089C167EFE841241C02AAC07 /* English */,
			);
			name = InfoPlist.strings;
			sourceTree = "<group>";
		};
/* End PBXVariantGroup section */

/* Begin XCBuildConfiguration section */
		00AC26680870A36C00885CB6 /* Development */ = {
			isa = XCBuildConfiguration;
			buildSettings = {
				COPY_PHASE_STRIP = NO;
				GCC_DYNAMIC_NO_PIC = NO;
				GCC_ENABLE_FIX_AND_CONTINUE = YES;
				GCC_GENERATE_DEBUGGING_SYMBOLS = YES;
				GCC_OPTIMIZATION_LEVEL = 0;
				INFOPLIST_FILE = Info.plist;
				INSTALL_PATH = "$(SYSTEM_LIBRARY_DIR)/Extensions";
				MODULE_NAME = de.binaervarianz.driver.AtheroJack;
				MODULE_VERSION = 1.1.0d1;
				PRODUCT_NAME = AtheroJack;
				UNSTRIPPED_PRODUCT = YES;
				WRAPPER_EXTENSION = kext;
				ZERO_LINK = YES;
			};
			name = Development;
		};
		00AC266C0870A36C00885CB6 /* Development */ = {
			isa = XCBuildConfiguration;
			buildSettings = {
				ARCHS = "$(NATIVE_ARCH)";
			};
			name = Development;
		};
		69DFB5CF0F8B1660000E5AF7 /* Release */ = {
			isa = XCBuildConfiguration;
			buildSettings = {
				ARCHS = "$(ARCHS_STANDARD_32_BIT_PRE_XCODE_3_1)";
				ARCHS_STANDARD_32_BIT_PRE_XCODE_3_1 = "ppc i386";
				SDKROOT = /Developer/SDKs/MacOSX10.4u.sdk;
			};
			name = Release;
		};
		69DFB5D00F8B1660000E5AF7 /* Release */ = {
			isa = XCBuildConfiguration;
			buildSettings = {
				COPY_PHASE_STRIP = YES;
				GCC_ENABLE_FIX_AND_CONTINUE = NO;
				INFOPLIST_FILE = Info.plist;
				INSTALL_PATH = "$(SYSTEM_LIBRARY_DIR)/Extensions";
				MODULE_NAME = de.binaervarianz.driver.AtheroJack;
				MODULE_VERSION = 1.0.0d1;
				PRODUCT_NAME = AtheroJack;
				WRAPPER_EXTENSION = kext;
				ZERO_LINK = NO;
			};
			name = Release;
		};
/* End XCBuildConfiguration section */

/* Begin XCConfigurationList section */
		00AC26670870A36C00885CB6 /* Build configuration list for PBXNativeTarget "AtheroJack" */ = {
			isa = XCConfigurationList;
			buildConfigurations = (
				00AC26680870A36C00885CB6 /* Development */,
				69DFB5D00F8B1660000E5AF7 /* Release */,
			);
			defaultConfigurationIsVisible = 0;
			defaultConfigurationName = Development;
		};
		00AC266B0870A36C00885CB6 /* Build configuration list for PBXProject "AtheroJack" */ = {
			isa = XCConfigurationList;
			buildConfigurations = (
				00AC266C0870A36C00885CB6 /* Development */,
				69DFB5CF0F8B1660000E5AF7 /* Release */,
			);
			defaultConfigurationIsVisible = 0;
			defaultConfigurationName = Development;
		};
/* End XCConfigurationList section */
	};
	rootObject = 089C1669FE841209C02AAC07 /* Project object */;
}
