// !$*UTF8*$!
{
	archiveVersion = 1;
	classes = {
	};
	objectVersion = 42;
	objects = {

/* Begin PBXBuildFile section */
		699E585C0F7E9AF400D88264 /* AtherosWifi.h in Headers */ = {isa = PBXBuildFile; fileRef = 1A224C3EFF42367911CA2CB7 /* AtherosWifi.h */; };
		699E585D0F7E9AF400D88264 /* AtherosUserClient.h in Headers */ = {isa = PBXBuildFile; fileRef = 00756F5705ADD780001CAF74 /* AtherosUserClient.h */; };
		699E585E0F7E9AF400D88264 /* AtherosSettings.h in Headers */ = {isa = PBXBuildFile; fileRef = 00AC719A05B1CEB00066AB78 /* AtherosSettings.h */; };
		699E585F0F7E9AF400D88264 /* AtherosWifiInterface.h in Headers */ = {isa = PBXBuildFile; fileRef = BAA14C7805EADD6300381749 /* AtherosWifiInterface.h */; };
		699E58610F7E9AF400D88264 /* InfoPlist.strings in Resources */ = {isa = PBXBuildFile; fileRef = 089C167DFE841241C02AAC07 /* InfoPlist.strings */; };
		699E58630F7E9AF400D88264 /* AtherosWifi.cpp in Sources */ = {isa = PBXBuildFile; fileRef = 1A224C3FFF42367911CA2CB7 /* AtherosWifi.cpp */; settings = {ATTRIBUTES = (); }; };
		699E58640F7E9AF400D88264 /* AtherosUserClient.cpp in Sources */ = {isa = PBXBuildFile; fileRef = 00756F5805ADD780001CAF74 /* AtherosUserClient.cpp */; };
		699E58650F7E9AF400D88264 /* AtherosWifiInterface.cpp in Sources */ = {isa = PBXBuildFile; fileRef = BAA14C7D05EADD9D00381749 /* AtherosWifiInterface.cpp */; };
/* End PBXBuildFile section */

/* Begin PBXFileReference section */
		00756F5705ADD780001CAF74 /* AtherosUserClient.h */ = {isa = PBXFileReference; fileEncoding = 4; lastKnownFileType = sourcecode.c.h; path = AtherosUserClient.h; sourceTree = "<group>"; };
		00756F5805ADD780001CAF74 /* AtherosUserClient.cpp */ = {isa = PBXFileReference; fileEncoding = 4; lastKnownFileType = sourcecode.cpp.cpp; path = AtherosUserClient.cpp; sourceTree = "<group>"; };
		00AC719A05B1CEB00066AB78 /* AtherosSettings.h */ = {isa = PBXFileReference; fileEncoding = 4; lastKnownFileType = sourcecode.c.h; path = AtherosSettings.h; sourceTree = "<group>"; };
		089C167EFE841241C02AAC07 /* English */ = {isa = PBXFileReference; fileEncoding = 10; lastKnownFileType = text.plist.strings; name = English; path = English.lproj/InfoPlist.strings; sourceTree = "<group>"; };
		1A224C3EFF42367911CA2CB7 /* AtherosWifi.h */ = {isa = PBXFileReference; fileEncoding = 4; lastKnownFileType = sourcecode.c.h; path = AtherosWifi.h; sourceTree = "<group>"; };
		1A224C3FFF42367911CA2CB7 /* AtherosWifi.cpp */ = {isa = PBXFileReference; fileEncoding = 4; lastKnownFileType = sourcecode.cpp.cpp; path = AtherosWifi.cpp; sourceTree = "<group>"; };
		699E586C0F7E9AF400D88264 /* Info.Plist */ = {isa = PBXFileReference; lastKnownFileType = text.plist.xml; path = Info.Plist; sourceTree = "<group>"; };
		699E586D0F7E9AF500D88264 /* AtherosWifi.kext */ = {isa = PBXFileReference; explicitFileType = wrapper.cfbundle; includeInIndex = 0; path = AtherosWifi.kext; sourceTree = BUILT_PRODUCTS_DIR; };
		BAA14C7805EADD6300381749 /* AtherosWifiInterface.h */ = {isa = PBXFileReference; fileEncoding = 30; lastKnownFileType = sourcecode.c.h; path = AtherosWifiInterface.h; sourceTree = "<group>"; };
		BAA14C7D05EADD9D00381749 /* AtherosWifiInterface.cpp */ = {isa = PBXFileReference; fileEncoding = 30; lastKnownFileType = sourcecode.cpp.cpp; path = AtherosWifiInterface.cpp; sourceTree = "<group>"; };
/* End PBXFileReference section */

/* Begin PBXFrameworksBuildPhase section */
		699E58660F7E9AF400D88264 /* Frameworks */ = {
			isa = PBXFrameworksBuildPhase;
			buildActionMask = 2147483647;
			files = (
			);
			runOnlyForDeploymentPostprocessing = 0;
		};
/* End PBXFrameworksBuildPhase section */

/* Begin PBXGroup section */
		089C166AFE841209C02AAC07 /* AtherosWifi */ = {
			isa = PBXGroup;
			children = (
				247142CAFF3F8F9811CA285C /* Source */,
				089C167CFE841241C02AAC07 /* Resources */,
				19C28FB6FE9D52B211CA2CBB /* Products */,
				699E586C0F7E9AF400D88264 /* Info.Plist */,
			);
			name = AtherosWifi;
			sourceTree = "<group>";
		};
		089C167CFE841241C02AAC07 /* Resources */ = {
			isa = PBXGroup;
			children = (
				089C167DFE841241C02AAC07 /* InfoPlist.strings */,
			);
			name = Resources;
			sourceTree = "<group>";
		};
		19C28FB6FE9D52B211CA2CBB /* Products */ = {
			isa = PBXGroup;
			children = (
				699E586D0F7E9AF500D88264 /* AtherosWifi.kext */,
			);
			name = Products;
			sourceTree = "<group>";
		};
		247142CAFF3F8F9811CA285C /* Source */ = {
			isa = PBXGroup;
			children = (
				BAA14C7805EADD6300381749 /* AtherosWifiInterface.h */,
				BAA14C7D05EADD9D00381749 /* AtherosWifiInterface.cpp */,
				1A224C3EFF42367911CA2CB7 /* AtherosWifi.h */,
				1A224C3FFF42367911CA2CB7 /* AtherosWifi.cpp */,
				00AC719A05B1CEB00066AB78 /* AtherosSettings.h */,
				00756F5705ADD780001CAF74 /* AtherosUserClient.h */,
				00756F5805ADD780001CAF74 /* AtherosUserClient.cpp */,
			);
			name = Source;
			sourceTree = "<group>";
		};
/* End PBXGroup section */

/* Begin PBXHeadersBuildPhase section */
		699E585B0F7E9AF400D88264 /* Headers */ = {
			isa = PBXHeadersBuildPhase;
			buildActionMask = 2147483647;
			files = (
				699E585C0F7E9AF400D88264 /* AtherosWifi.h in Headers */,
				699E585D0F7E9AF400D88264 /* AtherosUserClient.h in Headers */,
				699E585E0F7E9AF400D88264 /* AtherosSettings.h in Headers */,
				699E585F0F7E9AF400D88264 /* AtherosWifiInterface.h in Headers */,
			);
			runOnlyForDeploymentPostprocessing = 0;
		};
/* End PBXHeadersBuildPhase section */

/* Begin PBXNativeTarget section */
		699E585A0F7E9AF400D88264 /* AtherosWifi */ = {
			isa = PBXNativeTarget;
			buildConfigurationList = 699E58680F7E9AF400D88264 /* Build configuration list for PBXNativeTarget "AtherosWifi" */;
			buildPhases = (
				699E585B0F7E9AF400D88264 /* Headers */,
				699E58600F7E9AF400D88264 /* Resources */,
				699E58620F7E9AF400D88264 /* Sources */,
				699E58660F7E9AF400D88264 /* Frameworks */,
				699E58670F7E9AF400D88264 /* Rez */,
			);
			buildRules = (
			);
			dependencies = (
			);
			name = AtherosWifi;
			productInstallPath = "$(SYSTEM_LIBRARY_DIR)/Extensions";
			productName = AtherosWifi;
			productReference = 699E586D0F7E9AF500D88264 /* AtherosWifi.kext */;
			productType = "com.apple.product-type.kernel-extension.iokit";
		};
/* End PBXNativeTarget section */

/* Begin PBXProject section */
		089C1669FE841209C02AAC07 /* Project object */ = {
			isa = PBXProject;
			buildConfigurationList = 699E58710F7E9AF500D88264 /* Build configuration list for PBXProject "AtherosWifi" */;
			compatibilityVersion = "Xcode 2.4";
			hasScannedForEncodings = 1;
			mainGroup = 089C166AFE841209C02AAC07 /* AtherosWifi */;
			projectDirPath = "";
			projectRoot = "";
			targets = (
				699E585A0F7E9AF400D88264 /* AtherosWifi */,
			);
		};
/* End PBXProject section */

/* Begin PBXResourcesBuildPhase section */
		699E58600F7E9AF400D88264 /* Resources */ = {
			isa = PBXResourcesBuildPhase;
			buildActionMask = 2147483647;
			files = (
				699E58610F7E9AF400D88264 /* InfoPlist.strings in Resources */,
			);
			runOnlyForDeploymentPostprocessing = 0;
		};
/* End PBXResourcesBuildPhase section */

/* Begin PBXRezBuildPhase section */
		699E58670F7E9AF400D88264 /* Rez */ = {
			isa = PBXRezBuildPhase;
			buildActionMask = 2147483647;
			files = (
			);
			runOnlyForDeploymentPostprocessing = 0;
		};
/* End PBXRezBuildPhase section */

/* Begin PBXSourcesBuildPhase section */
		699E58620F7E9AF400D88264 /* Sources */ = {
			isa = PBXSourcesBuildPhase;
			buildActionMask = 2147483647;
			files = (
				699E58630F7E9AF400D88264 /* AtherosWifi.cpp in Sources */,
				699E58640F7E9AF400D88264 /* AtherosUserClient.cpp in Sources */,
				699E58650F7E9AF400D88264 /* AtherosWifiInterface.cpp in Sources */,
			);
			runOnlyForDeploymentPostprocessing = 0;
		};
/* End PBXSourcesBuildPhase section */

/* Begin PBXVariantGroup section */
		089C167DFE841241C02AAC07 /* InfoPlist.strings */ = {
			isa = PBXVariantGroup;
			children = (
				089C167EFE841241C02AAC07 /* English */,
			);
			name = InfoPlist.strings;
			sourceTree = "<group>";
		};
/* End PBXVariantGroup section */

/* Begin XCBuildConfiguration section */
		699E584D0F7E9ADC00D88264 /* Development */ = {
			isa = XCBuildConfiguration;
			buildSettings = {
			};
			name = Development;
		};
		699E584E0F7E9ADC00D88264 /* Deployment */ = {
			isa = XCBuildConfiguration;
			buildSettings = {
			};
			name = Deployment;
		};
		699E584F0F7E9ADC00D88264 /* Default */ = {
			isa = XCBuildConfiguration;
			buildSettings = {
				ARCHS = "$(ARCHS_STANDARD_32_BIT_PRE_XCODE_3_1)";
				ARCHS_STANDARD_32_BIT_PRE_XCODE_3_1 = "ppc i386";
				SDKROOT = /Developer/SDKs/MacOSX10.4u.sdk;
			};
			name = Default;
		};
		699E58690F7E9AF400D88264 /* Development */ = {
			isa = XCBuildConfiguration;
			buildSettings = {
				COPY_PHASE_STRIP = NO;
				FRAMEWORK_SEARCH_PATHS = "";
				GCC_DYNAMIC_NO_PIC = NO;
				GCC_ENABLE_FIX_AND_CONTINUE = YES;
				GCC_GENERATE_DEBUGGING_SYMBOLS = YES;
				GCC_OPTIMIZATION_LEVEL = 0;
				GCC_SYMBOLS_PRIVATE_EXTERN = NO;
				HEADER_SEARCH_PATHS = (
					../IO80211Family,
					../AtherosHAL,
				);
				INFOPLIST_FILE = Info.plist;
				INSTALL_PATH = "$(SYSTEM_LIBRARY_DIR)/Extensions";
				KERNEL_MODULE = YES;
				LIBRARY_SEARCH_PATHS = "";
				MODULE_IOKIT = YES;
				MODULE_NAME = com.bellardo.driver.AtherosWifi;
				MODULE_VERSION = 1.0.0d1;
				OTHER_CFLAGS = "";
				OTHER_LDFLAGS = "";
				OTHER_REZFLAGS = "";
				PRODUCT_NAME = AtherosWifi;
				SECTORDER_FLAGS = "";
				WARNING_CFLAGS = (
					"-Wmost",
					"-Wno-four-char-constants",
					"-Wno-unknown-pragmas",
				);
				WRAPPER_EXTENSION = kext;
				ZERO_LINK = YES;
			};
			name = Development;
		};
		699E586A0F7E9AF400D88264 /* Deployment */ = {
			isa = XCBuildConfiguration;
			buildSettings = {
				COPY_PHASE_STRIP = YES;
				FRAMEWORK_SEARCH_PATHS = "";
				GCC_ENABLE_FIX_AND_CONTINUE = NO;
				GCC_SYMBOLS_PRIVATE_EXTERN = NO;
				HEADER_SEARCH_PATHS = (
					../IO80211Family,
					../AtherosHAL,
				);
				INFOPLIST_FILE = "Info-AtherosWifi__Upgraded_.plist";
				INSTALL_PATH = "$(SYSTEM_LIBRARY_DIR)/Extensions";
				KERNEL_MODULE = YES;
				LIBRARY_SEARCH_PATHS = "";
				MODULE_IOKIT = YES;
				MODULE_NAME = com.bellardo.driver.AtherosWifi;
				MODULE_VERSION = 1.0.0d1;
				OTHER_CFLAGS = "";
				OTHER_LDFLAGS = "";
				OTHER_REZFLAGS = "";
				PRODUCT_NAME = AtherosWifi;
				SECTORDER_FLAGS = "";
				WARNING_CFLAGS = (
					"-Wmost",
					"-Wno-four-char-constants",
					"-Wno-unknown-pragmas",
				);
				WRAPPER_EXTENSION = kext;
				ZERO_LINK = NO;
			};
			name = Deployment;
		};
		699E586B0F7E9AF400D88264 /* Default */ = {
			isa = XCBuildConfiguration;
			buildSettings = {
				FRAMEWORK_SEARCH_PATHS = "";
				GCC_SYMBOLS_PRIVATE_EXTERN = NO;
				HEADER_SEARCH_PATHS = (
					../IO80211Family,
					../AtherosHAL,
				);
				INFOPLIST_FILE = "Info-AtherosWifi__Upgraded_.plist";
				INSTALL_PATH = "$(SYSTEM_LIBRARY_DIR)/Extensions";
				KERNEL_MODULE = YES;
				LIBRARY_SEARCH_PATHS = "";
				MODULE_IOKIT = YES;
				MODULE_NAME = com.bellardo.driver.AtherosWifi;
				MODULE_VERSION = 1.0.0d1;
				OTHER_CFLAGS = "";
				OTHER_LDFLAGS = "";
				OTHER_REZFLAGS = "";
				PRODUCT_NAME = AtherosWifi;
				SECTORDER_FLAGS = "";
				WARNING_CFLAGS = (
					"-Wmost",
					"-Wno-four-char-constants",
					"-Wno-unknown-pragmas",
				);
				WRAPPER_EXTENSION = kext;
			};
			name = Default;
		};
/* End XCBuildConfiguration section */

/* Begin XCConfigurationList section */
		699E58680F7E9AF400D88264 /* Build configuration list for PBXNativeTarget "AtherosWifi" */ = {
			isa = XCConfigurationList;
			buildConfigurations = (
				699E58690F7E9AF400D88264 /* Development */,
				699E586A0F7E9AF400D88264 /* Deployment */,
				699E586B0F7E9AF400D88264 /* Default */,
			);
			defaultConfigurationIsVisible = 0;
			defaultConfigurationName = Default;
		};
		699E58710F7E9AF500D88264 /* Build configuration list for PBXProject "AtherosWifi" */ = {
			isa = XCConfigurationList;
			buildConfigurations = (
				699E584D0F7E9ADC00D88264 /* Development */,
				699E584E0F7E9ADC00D88264 /* Deployment */,
				699E584F0F7E9ADC00D88264 /* Default */,
			);
			defaultConfigurationIsVisible = 0;
			defaultConfigurationName = Default;
		};
/* End XCConfigurationList section */
	};
	rootObject = 089C1669FE841209C02AAC07 /* Project object */;
}
