// !$*UTF8*$!
{
	archiveVersion = 1;
	classes = {
	};
	objectVersion = 39;
	objects = {
		00756F5705ADD780001CAF74 = {
			fileEncoding = 4;
			isa = PBXFileReference;
			lastKnownFileType = sourcecode.c.h;
			path = AtherosUserClient.h;
			refType = 4;
			sourceTree = "<group>";
		};
		00756F5805ADD780001CAF74 = {
			fileEncoding = 4;
			isa = PBXFileReference;
			lastKnownFileType = sourcecode.cpp.cpp;
			path = AtherosUserClient.cpp;
			refType = 4;
			sourceTree = "<group>";
		};
		00756F5905ADD780001CAF74 = {
			fileRef = 00756F5705ADD780001CAF74;
			isa = PBXBuildFile;
			settings = {
			};
		};
		00756F5A05ADD780001CAF74 = {
			fileRef = 00756F5805ADD780001CAF74;
			isa = PBXBuildFile;
			settings = {
			};
		};
		00AC719A05B1CEB00066AB78 = {
			fileEncoding = 4;
			isa = PBXFileReference;
			lastKnownFileType = sourcecode.c.h;
			path = AtherosSettings.h;
			refType = 4;
			sourceTree = "<group>";
		};
		00AC719B05B1CEB00066AB78 = {
			fileRef = 00AC719A05B1CEB00066AB78;
			isa = PBXBuildFile;
			settings = {
			};
		};
//000
//001
//002
//003
//004
//060
//061
//062
//063
//064
		06AA1265FFB2107B11CA28AA = {
			buildSettings = {
				COPY_PHASE_STRIP = NO;
				GCC_DYNAMIC_NO_PIC = NO;
				GCC_ENABLE_FIX_AND_CONTINUE = YES;
				GCC_GENERATE_DEBUGGING_SYMBOLS = YES;
				GCC_OPTIMIZATION_LEVEL = 0;
				OPTIMIZATION_CFLAGS = "-O0";
				ZERO_LINK = YES;
			};
			isa = PBXBuildStyle;
			name = Development;
		};
		06AA1266FFB2107B11CA28AA = {
			buildSettings = {
				COPY_PHASE_STRIP = YES;
				GCC_ENABLE_FIX_AND_CONTINUE = NO;
				ZERO_LINK = NO;
			};
			isa = PBXBuildStyle;
			name = Deployment;
		};
//060
//061
//062
//063
//064
//080
//081
//082
//083
//084
		089C1669FE841209C02AAC07 = {
			buildSettings = {
			};
			buildStyles = (
				06AA1265FFB2107B11CA28AA,
				06AA1266FFB2107B11CA28AA,
			);
			hasScannedForEncodings = 1;
			isa = PBXProject;
			mainGroup = 089C166AFE841209C02AAC07;
			projectDirPath = "";
			targets = (
				089C1673FE841209C02AAC07,
			);
		};
		089C166AFE841209C02AAC07 = {
			children = (
				247142CAFF3F8F9811CA285C,
				089C167CFE841241C02AAC07,
				19C28FB6FE9D52B211CA2CBB,
			);
			isa = PBXGroup;
			name = AtherosWifi;
			refType = 4;
			sourceTree = "<group>";
		};
		089C1673FE841209C02AAC07 = {
			buildPhases = (
				089C1674FE841209C02AAC07,
				089C1675FE841209C02AAC07,
				089C1676FE841209C02AAC07,
				089C1677FE841209C02AAC07,
				089C1679FE841209C02AAC07,
			);
			buildSettings = {
				FRAMEWORK_SEARCH_PATHS = "";
				HEADER_SEARCH_PATHS = "../IO80211Family ../AtherosHAL";
				INSTALL_PATH = "$(SYSTEM_LIBRARY_DIR)/Extensions";
				KERNEL_MODULE = YES;
				LIBRARY_SEARCH_PATHS = "";
				MODULE_IOKIT = YES;
				MODULE_NAME = com.bellardo.driver.AtherosWifi;
				MODULE_VERSION = 1.0.0d1;
				OTHER_CFLAGS = "";
				OTHER_LDFLAGS = "";
				OTHER_REZFLAGS = "";
				PRODUCT_NAME = AtherosWifi;
				SECTORDER_FLAGS = "";
				WARNING_CFLAGS = "-Wmost -Wno-four-char-constants -Wno-unknown-pragmas";
				WRAPPER_EXTENSION = kext;
			};
			dependencies = (
			);
			isa = PBXBundleTarget;
			name = AtherosWifi;
			productInstallPath = "$(SYSTEM_LIBRARY_DIR)/Extensions";
			productName = AtherosWifi;
			productReference = 0B81C263FFB7832611CA28AA;
			productSettingsXML = "<?xml version=\"1.0\" encoding=\"UTF-8\"?>
<!DOCTYPE plist PUBLIC \"-//Apple Computer//DTD PLIST 1.0//EN\" \"http://www.apple.com/DTDs/PropertyList-1.0.dtd\">
<plist version=\"1.0\">
<dict>
	<key>CFBundleDevelopmentRegion</key>
	<string>English</string>
	<key>CFBundleExecutable</key>
	<string>AtherosWifi</string>
	<key>CFBundleIconFile</key>
	<string></string>
	<key>CFBundleIdentifier</key>
	<string>com.bellardo.driver.AtherosWifi</string>
	<key>CFBundleInfoDictionaryVersion</key>
	<string>6.0</string>
	<key>CFBundlePackageType</key>
	<string>KEXT</string>
	<key>CFBundleSignature</key>
	<string>????</string>
	<key>CFBundleVersion</key>
	<string>1.0.0d1</string>
	<key>IOKitPersonalities</key>
	<dict>
		<key>Atheros chipset cards</key>
		<dict>
			<key>IOClass</key>
			<string>AtherosWIFIController</string>
			<key>IONameMatch</key>
			<array>
				<string>pci168c,13</string>
				<string>pci168c,12</string>
				<string>pci168c,11</string>
				<string>pci168c,10</string>
			</array>
			<key>IOProviderClass</key>
			<string>IOPCIDevice</string>
			<key>IOUserClientClass</key>
			<string>AtherosUserClient</string>
		</dict>
	</dict>
	<key>OSBundleLibraries</key>
	<dict>
		<key>com.apple.iokit.IONetworkingFamily</key>
		<string>1.3.1</string>
		<key>com.apple.iokit.IOPCIFamily</key>
		<string>1.0.0</string>
		<key>com.apple.kernel.bsd</key>
		<string>6.0</string>
		<key>com.apple.kernel.iokit</key>
		<string>6.0</string>
		<key>com.apple.kernel.libkern</key>
		<string>6.0</string>
		<key>com.apple.kernel.mach</key>
		<string>6.0</string>
		<key>com.atheros.driver.HAL</key>
		<string>1.0.0d1</string>
		<key>com.bellardo.iokit.IO80211Family</key>
		<string>1.0.0</string>
	</dict>
</dict>
</plist>
";
		};
		089C1674FE841209C02AAC07 = {
			buildActionMask = 2147483647;
			files = (
				1A224C40FF42367911CA2CB7,
				00756F5905ADD780001CAF74,
				00AC719B05B1CEB00066AB78,
				BAA14C7905EADD6300381749,
			);
			isa = PBXHeadersBuildPhase;
			runOnlyForDeploymentPostprocessing = 0;
		};
		089C1675FE841209C02AAC07 = {
			buildActionMask = 2147483647;
			files = (
				089C1680FE841241C02AAC07,
			);
			isa = PBXResourcesBuildPhase;
			runOnlyForDeploymentPostprocessing = 0;
		};
		089C1676FE841209C02AAC07 = {
			buildActionMask = 2147483647;
			files = (
				1A224C41FF42367911CA2CB7,
				00756F5A05ADD780001CAF74,
				BAA14C7E05EADD9D00381749,
			);
			isa = PBXSourcesBuildPhase;
			runOnlyForDeploymentPostprocessing = 0;
		};
		089C1677FE841209C02AAC07 = {
			buildActionMask = 2147483647;
			files = (
			);
			isa = PBXFrameworksBuildPhase;
			runOnlyForDeploymentPostprocessing = 0;
		};
		089C1679FE841209C02AAC07 = {
			buildActionMask = 2147483647;
			files = (
			);
			isa = PBXRezBuildPhase;
			runOnlyForDeploymentPostprocessing = 0;
		};
		089C167CFE841241C02AAC07 = {
			children = (
				089C167DFE841241C02AAC07,
			);
			isa = PBXGroup;
			name = Resources;
			refType = 4;
			sourceTree = "<group>";
		};
		089C167DFE841241C02AAC07 = {
			children = (
				089C167EFE841241C02AAC07,
			);
			isa = PBXVariantGroup;
			name = InfoPlist.strings;
			refType = 4;
			sourceTree = "<group>";
		};
		089C167EFE841241C02AAC07 = {
			fileEncoding = 10;
			isa = PBXFileReference;
			lastKnownFileType = text.plist.strings;
			name = English;
			path = English.lproj/InfoPlist.strings;
			refType = 4;
			sourceTree = "<group>";
		};
		089C1680FE841241C02AAC07 = {
			fileRef = 089C167DFE841241C02AAC07;
			isa = PBXBuildFile;
			settings = {
			};
		};
//080
//081
//082
//083
//084
//0B0
//0B1
//0B2
//0B3
//0B4
		0B81C263FFB7832611CA28AA = {
			explicitFileType = wrapper.cfbundle;
			isa = PBXFileReference;
			path = AtherosWifi.kext;
			refType = 3;
			sourceTree = BUILT_PRODUCTS_DIR;
		};
//0B0
//0B1
//0B2
//0B3
//0B4
//190
//191
//192
//193
//194
		19C28FB6FE9D52B211CA2CBB = {
			children = (
				0B81C263FFB7832611CA28AA,
			);
			isa = PBXGroup;
			name = Products;
			refType = 4;
			sourceTree = "<group>";
		};
//190
//191
//192
//193
//194
//1A0
//1A1
//1A2
//1A3
//1A4
		1A224C3EFF42367911CA2CB7 = {
			fileEncoding = 4;
			isa = PBXFileReference;
			lastKnownFileType = sourcecode.c.h;
			path = AtherosWifi.h;
			refType = 4;
			sourceTree = "<group>";
		};
		1A224C3FFF42367911CA2CB7 = {
			fileEncoding = 4;
			isa = PBXFileReference;
			lastKnownFileType = sourcecode.cpp.cpp;
			path = AtherosWifi.cpp;
			refType = 4;
			sourceTree = "<group>";
		};
		1A224C40FF42367911CA2CB7 = {
			fileRef = 1A224C3EFF42367911CA2CB7;
			isa = PBXBuildFile;
			settings = {
			};
		};
		1A224C41FF42367911CA2CB7 = {
			fileRef = 1A224C3FFF42367911CA2CB7;
			isa = PBXBuildFile;
			settings = {
				ATTRIBUTES = (
				);
			};
		};
//1A0
//1A1
//1A2
//1A3
//1A4
//240
//241
//242
//243
//244
		247142CAFF3F8F9811CA285C = {
			children = (
				BAA14C7805EADD6300381749,
				BAA14C7D05EADD9D00381749,
				1A224C3EFF42367911CA2CB7,
				1A224C3FFF42367911CA2CB7,
				00AC719A05B1CEB00066AB78,
				00756F5705ADD780001CAF74,
				00756F5805ADD780001CAF74,
			);
			isa = PBXGroup;
			name = Source;
			path = "";
			refType = 4;
			sourceTree = "<group>";
		};
//240
//241
//242
//243
//244
//BA0
//BA1
//BA2
//BA3
//BA4
		BAA14C7805EADD6300381749 = {
			fileEncoding = 30;
			isa = PBXFileReference;
			lastKnownFileType = sourcecode.c.h;
			path = AtherosWifiInterface.h;
			refType = 4;
			sourceTree = "<group>";
		};
		BAA14C7905EADD6300381749 = {
			fileRef = BAA14C7805EADD6300381749;
			isa = PBXBuildFile;
			settings = {
			};
		};
		BAA14C7D05EADD9D00381749 = {
			fileEncoding = 30;
			isa = PBXFileReference;
			lastKnownFileType = sourcecode.cpp.cpp;
			path = AtherosWifiInterface.cpp;
			refType = 4;
			sourceTree = "<group>";
		};
		BAA14C7E05EADD9D00381749 = {
			fileRef = BAA14C7D05EADD9D00381749;
			isa = PBXBuildFile;
			settings = {
			};
		};
	};
	rootObject = 089C1669FE841209C02AAC07;
}
