// !$*UTF8*$!
{
	archiveVersion = 1;
	classes = {
	};
	objectVersion = 39;
	objects = {
		06AA1264FFB2107B11CA28AA = {
			buildActionMask = 2147483647;
			files = (
			);
			isa = PBXShellScriptBuildPhase;
			runOnlyForDeploymentPostprocessing = 0;
			shellPath = /bin/sh;
			shellScript = "script=\"${SYSTEM_DEVELOPER_DIR}/ProjectBuilder Extras/Kernel Extension Support/KEXTPostprocess\";\nif [ -x \"$script\" ]; then\n    . \"$script\"\nfi";
		};
		06AA1265FFB2107B11CA28AA = {
			buildSettings = {
				COPY_PHASE_STRIP = NO;
				GCC_DYNAMIC_NO_PIC = NO;
				GCC_ENABLE_FIX_AND_CONTINUE = YES;
				GCC_GENERATE_DEBUGGING_SYMBOLS = YES;
				GCC_OPTIMIZATION_LEVEL = 0;
				OPTIMIZATION_CFLAGS = "-O0";
				ZERO_LINK = YES;
			};
			isa = PBXBuildStyle;
			name = Development;
		};
		06AA1266FFB2107B11CA28AA = {
			buildSettings = {
				COPY_PHASE_STRIP = YES;
				GCC_ENABLE_FIX_AND_CONTINUE = NO;
				ZERO_LINK = NO;
			};
			isa = PBXBuildStyle;
			name = Deployment;
		};
		06AA1267FFB2110C11CA28AA = {
			buildActionMask = 2147483647;
			files = (
			);
			isa = PBXShellScriptBuildPhase;
			runOnlyForDeploymentPostprocessing = 0;
			shellPath = /bin/sh;
			shellScript = "script=\"${SYSTEM_DEVELOPER_DIR}/ProjectBuilder Extras/Kernel Extension Support/KEXTPreprocess\";\nif [ -x \"$script\" ]; then\n    . \"$script\"\nfi";
		};
//060
//061
//062
//063
//064
//080
//081
//082
//083
//084
		089C1669FE841209C02AAC07 = {
			buildSettings = {
			};
			buildStyles = (
				06AA1265FFB2107B11CA28AA,
				06AA1266FFB2107B11CA28AA,
			);
			hasScannedForEncodings = 1;
			isa = PBXProject;
			mainGroup = 089C166AFE841209C02AAC07;
			projectDirPath = "";
			targets = (
				089C1673FE841209C02AAC07,
			);
		};
		089C166AFE841209C02AAC07 = {
			children = (
				247142CAFF3F8F9811CA285C,
				089C167CFE841241C02AAC07,
				19C28FB6FE9D52B211CA2CBB,
			);
			isa = PBXGroup;
			name = AtherosHAL;
			refType = 4;
			sourceTree = "<group>";
		};
		089C1673FE841209C02AAC07 = {
			buildPhases = (
				06AA1267FFB2110C11CA28AA,
				089C1674FE841209C02AAC07,
				089C1675FE841209C02AAC07,
				089C1676FE841209C02AAC07,
				089C1677FE841209C02AAC07,
				089C1679FE841209C02AAC07,
				06AA1264FFB2107B11CA28AA,
			);
			buildSettings = {
				DEBUGGING_SYMBOLS = NO;
				FRAMEWORK_SEARCH_PATHS = "";
				HEADER_SEARCH_PATHS = "";
				INSTALL_PATH = "$(SYSTEM_LIBRARY_DIR)/Extensions";
				KERNEL_MODULE = YES;
				LIBRARY_SEARCH_PATHS = "";
				MODULE_IOKIT = YES;
				MODULE_NAME = com.atheros.driver.HAL;
				MODULE_VERSION = 1.0.0d1;
				OPTIMIZATION_CFLAGS = "-O3";
				OTHER_CFLAGS = "-DAH_BYTE_ORDER=AH_BIG_ENDIAN";
				OTHER_LDFLAGS = "";
				OTHER_REZFLAGS = "";
				PRODUCT_NAME = AtherosHAL;
				SECTORDER_FLAGS = "";
				WARNING_CFLAGS = "-Wmost -Wno-four-char-constants -Wno-unknown-pragmas";
				WRAPPER_EXTENSION = kext;
			};
			dependencies = (
			);
			isa = PBXBundleTarget;
			name = AtherosHAL;
			productInstallPath = "$(SYSTEM_LIBRARY_DIR)/Extensions";
			productName = AtherosHAL;
			productReference = 0B81C263FFB7832611CA28AA;
			productSettingsXML = "<?xml version=\"1.0\" encoding=\"UTF-8\"?>
<!DOCTYPE plist PUBLIC \"-//Apple Computer//DTD PLIST 1.0//EN\" \"http://www.apple.com/DTDs/PropertyList-1.0.dtd\">
<plist version=\"1.0\">
<dict>
	<key>CFBundleDevelopmentRegion</key>
	<string>English</string>
	<key>CFBundleExecutable</key>
	<string>AtherosHAL</string>
	<key>CFBundleIconFile</key>
	<string></string>
	<key>CFBundleIdentifier</key>
	<string>com.atheros.driver.HAL</string>
	<key>CFBundleInfoDictionaryVersion</key>
	<string>6.0</string>
	<key>CFBundlePackageType</key>
	<string>KEXT</string>
	<key>CFBundleSignature</key>
	<string>????</string>
	<key>CFBundleVersion</key>
	<string>1.0.0d1</string>
	<key>IOKitPersonalities</key>
	<dict/>
	<key>OSBundleCompatibleVersion</key>
	<string>0.0.0</string>
	<key>OSBundleLibraries</key>
	<dict>
		<key>com.apple.kernel.bsd</key>
		<string>6.0</string>
		<key>com.apple.kernel.iokit</key>
		<string>6.0</string>
		<key>com.apple.kernel.libkern</key>
		<string>6.0</string>
		<key>com.apple.kernel.mach</key>
		<string>6.0</string>
	</dict>
</dict>
</plist>
";
		};
		089C1674FE841209C02AAC07 = {
			buildActionMask = 2147483647;
			files = (
				1A224C40FF42367911CA2CB7,
				BA489A570589014E004DB3DF,
				BA489A580589014E004DB3DF,
				BA489A5A0589014E004DB3DF,
				BA489A5B0589014E004DB3DF,
				BA489A5C0589014E004DB3DF,
			);
			isa = PBXHeadersBuildPhase;
			runOnlyForDeploymentPostprocessing = 0;
		};
		089C1675FE841209C02AAC07 = {
			buildActionMask = 2147483647;
			files = (
				089C1680FE841241C02AAC07,
			);
			isa = PBXResourcesBuildPhase;
			runOnlyForDeploymentPostprocessing = 0;
		};
		089C1676FE841209C02AAC07 = {
			buildActionMask = 2147483647;
			files = (
				1A224C41FF42367911CA2CB7,
			);
			isa = PBXSourcesBuildPhase;
			runOnlyForDeploymentPostprocessing = 0;
		};
		089C1677FE841209C02AAC07 = {
			buildActionMask = 2147483647;
			files = (
				BAE85ECD059032E900F3F896,
			);
			isa = PBXFrameworksBuildPhase;
			runOnlyForDeploymentPostprocessing = 0;
		};
		089C1679FE841209C02AAC07 = {
			buildActionMask = 2147483647;
			files = (
			);
			isa = PBXRezBuildPhase;
			runOnlyForDeploymentPostprocessing = 0;
		};
		089C167CFE841241C02AAC07 = {
			children = (
				089C167DFE841241C02AAC07,
			);
			isa = PBXGroup;
			name = Resources;
			refType = 4;
			sourceTree = "<group>";
		};
		089C167DFE841241C02AAC07 = {
			children = (
				089C167EFE841241C02AAC07,
			);
			isa = PBXVariantGroup;
			name = InfoPlist.strings;
			refType = 4;
			sourceTree = "<group>";
		};
		089C167EFE841241C02AAC07 = {
			fileEncoding = 10;
			isa = PBXFileReference;
			lastKnownFileType = text.plist.strings;
			name = English;
			path = English.lproj/InfoPlist.strings;
			refType = 4;
			sourceTree = "<group>";
		};
		089C1680FE841241C02AAC07 = {
			fileRef = 089C167DFE841241C02AAC07;
			isa = PBXBuildFile;
			settings = {
			};
		};
//080
//081
//082
//083
//084
//0B0
//0B1
//0B2
//0B3
//0B4
		0B81C263FFB7832611CA28AA = {
			explicitFileType = wrapper.cfbundle;
			isa = PBXFileReference;
			path = AtherosHAL.kext;
			refType = 3;
			sourceTree = BUILT_PRODUCTS_DIR;
		};
//0B0
//0B1
//0B2
//0B3
//0B4
//190
//191
//192
//193
//194
		19C28FB6FE9D52B211CA2CBB = {
			children = (
				0B81C263FFB7832611CA28AA,
			);
			isa = PBXGroup;
			name = Products;
			refType = 4;
			sourceTree = "<group>";
		};
//190
//191
//192
//193
//194
//1A0
//1A1
//1A2
//1A3
//1A4
		1A224C3EFF42367911CA2CB7 = {
			fileEncoding = 4;
			isa = PBXFileReference;
			lastKnownFileType = sourcecode.c.h;
			path = AtherosHAL.h;
			refType = 4;
			sourceTree = "<group>";
		};
		1A224C3FFF42367911CA2CB7 = {
			fileEncoding = 4;
			isa = PBXFileReference;
			lastKnownFileType = sourcecode.cpp.cpp;
			path = AtherosHAL.cpp;
			refType = 4;
			sourceTree = "<group>";
		};
		1A224C40FF42367911CA2CB7 = {
			fileRef = 1A224C3EFF42367911CA2CB7;
			isa = PBXBuildFile;
			settings = {
			};
		};
		1A224C41FF42367911CA2CB7 = {
			fileRef = 1A224C3FFF42367911CA2CB7;
			isa = PBXBuildFile;
			settings = {
				ATTRIBUTES = (
				);
			};
		};
//1A0
//1A1
//1A2
//1A3
//1A4
//240
//241
//242
//243
//244
		247142CAFF3F8F9811CA285C = {
			children = (
				BAE85ECC059032E900F3F896,
				BA489A510589014E004DB3DF,
				BA489A520589014E004DB3DF,
				BA489A540589014E004DB3DF,
				BA489A550589014E004DB3DF,
				BA489A560589014E004DB3DF,
				1A224C3EFF42367911CA2CB7,
				1A224C3FFF42367911CA2CB7,
			);
			isa = PBXGroup;
			name = Source;
			path = "";
			refType = 4;
			sourceTree = "<group>";
		};
//240
//241
//242
//243
//244
//BA0
//BA1
//BA2
//BA3
//BA4
		BA489A510589014E004DB3DF = {
			fileEncoding = 30;
			isa = PBXFileReference;
			lastKnownFileType = sourcecode.c.h;
			path = ah_desc.h;
			refType = 4;
			sourceTree = "<group>";
		};
		BA489A520589014E004DB3DF = {
			fileEncoding = 30;
			isa = PBXFileReference;
			lastKnownFileType = sourcecode.c.h;
			path = ah_devid.h;
			refType = 4;
			sourceTree = "<group>";
		};
		BA489A540589014E004DB3DF = {
			fileEncoding = 30;
			isa = PBXFileReference;
			lastKnownFileType = sourcecode.c.h;
			path = ah_osdep.h;
			refType = 4;
			sourceTree = "<group>";
		};
		BA489A550589014E004DB3DF = {
			fileEncoding = 30;
			isa = PBXFileReference;
			lastKnownFileType = sourcecode.c.h;
			path = ah.h;
			refType = 4;
			sourceTree = "<group>";
		};
		BA489A560589014E004DB3DF = {
			fileEncoding = 30;
			isa = PBXFileReference;
			lastKnownFileType = sourcecode.c.h;
			path = version.h;
			refType = 4;
			sourceTree = "<group>";
		};
		BA489A570589014E004DB3DF = {
			fileRef = BA489A510589014E004DB3DF;
			isa = PBXBuildFile;
			settings = {
			};
		};
		BA489A580589014E004DB3DF = {
			fileRef = BA489A520589014E004DB3DF;
			isa = PBXBuildFile;
			settings = {
			};
		};
		BA489A5A0589014E004DB3DF = {
			fileRef = BA489A540589014E004DB3DF;
			isa = PBXBuildFile;
			settings = {
			};
		};
		BA489A5B0589014E004DB3DF = {
			fileRef = BA489A550589014E004DB3DF;
			isa = PBXBuildFile;
			settings = {
			};
		};
		BA489A5C0589014E004DB3DF = {
			fileRef = BA489A560589014E004DB3DF;
			isa = PBXBuildFile;
			settings = {
			};
		};
		BAE85ECC059032E900F3F896 = {
			isa = PBXFileReference;
			lastKnownFileType = "compiled.mach-o.objfile";
			path = "hal-release.o";
			refType = 4;
			sourceTree = "<group>";
		};
		BAE85ECD059032E900F3F896 = {
			fileRef = BAE85ECC059032E900F3F896;
			isa = PBXBuildFile;
			settings = {
			};
		};
	};
	rootObject = 089C1669FE841209C02AAC07;
}
