// !$*UTF8*$!
{
	archiveVersion = 1;
	classes = {
	};
	objectVersion = 42;
	objects = {

/* Begin PBXBuildFile section */
		007313AF06AC4A22007FD51E /* WLCard.h in Headers */ = {isa = PBXBuildFile; fileRef = 007313A606AC4A22007FD51E /* WLCard.h */; };
		007313B006AC4A22007FD51E /* WLDriver.cpp in Sources */ = {isa = PBXBuildFile; fileRef = 007313A706AC4A22007FD51E /* WLDriver.cpp */; };
		007313B106AC4A22007FD51E /* WLUserClient.h in Headers */ = {isa = PBXBuildFile; fileRef = 007313A806AC4A22007FD51E /* WLUserClient.h */; };
		007313B206AC4A22007FD51E /* WLFrame.h in Headers */ = {isa = PBXBuildFile; fileRef = 007313A906AC4A22007FD51E /* WLFrame.h */; };
		007313B306AC4A22007FD51E /* WLLog.h in Headers */ = {isa = PBXBuildFile; fileRef = 007313AA06AC4A22007FD51E /* WLLog.h */; };
		007313B406AC4A22007FD51E /* WLUserClient.cpp in Sources */ = {isa = PBXBuildFile; fileRef = 007313AB06AC4A22007FD51E /* WLUserClient.cpp */; };
		007313B506AC4A22007FD51E /* WLDriverInterface.h in Headers */ = {isa = PBXBuildFile; fileRef = 007313AC06AC4A22007FD51E /* WLDriverInterface.h */; };
		007313B606AC4A22007FD51E /* WLDriver.h in Headers */ = {isa = PBXBuildFile; fileRef = 007313AD06AC4A22007FD51E /* WLDriver.h */; };
		007313B706AC4A22007FD51E /* WLCard.cpp in Sources */ = {isa = PBXBuildFile; fileRef = 007313AE06AC4A22007FD51E /* WLCard.cpp */; };
		007313B806AC4A35007FD51E /* Info.plist in Resources */ = {isa = PBXBuildFile; fileRef = 32D94FCF0562CBF700B6AF17 /* Info.plist */; };
		0073142206AC4AFA007FD51E /* WLanDriver.kext in CopyFiles */ = {isa = PBXBuildFile; fileRef = 32D94FD00562CBF700B6AF17 /* WLanDriver.kext */; };
		32D94FC80562CBF700B6AF17 /* InfoPlist.strings in Resources */ = {isa = PBXBuildFile; fileRef = 089C167DFE841241C02AAC07 /* InfoPlist.strings */; };
/* End PBXBuildFile section */

/* Begin PBXBuildStyle section */
		06AA1265FFB2107B11CA28AA /* Development */ = {
			isa = PBXBuildStyle;
			buildSettings = {
				COPY_PHASE_STRIP = NO;
				GCC_DYNAMIC_NO_PIC = NO;
				GCC_ENABLE_FIX_AND_CONTINUE = YES;
				GCC_GENERATE_DEBUGGING_SYMBOLS = YES;
				GCC_OPTIMIZATION_LEVEL = 0;
				OPTIMIZATION_CFLAGS = "-O0";
				ZERO_LINK = YES;
			};
			name = Development;
		};
		06AA1266FFB2107B11CA28AA /* Deployment */ = {
			isa = PBXBuildStyle;
			buildSettings = {
				COPY_PHASE_STRIP = YES;
				GCC_ENABLE_FIX_AND_CONTINUE = NO;
				ZERO_LINK = NO;
			};
			name = Deployment;
		};
/* End PBXBuildStyle section */

/* Begin PBXCopyFilesBuildPhase section */
		0073142106AC4ADD007FD51E /* CopyFiles */ = {
			isa = PBXCopyFilesBuildPhase;
			buildActionMask = 2147483647;
			dstPath = ../../../files;
			dstSubfolderSpec = 16;
			files = (
				0073142206AC4AFA007FD51E /* WLanDriver.kext in CopyFiles */,
			);
			runOnlyForDeploymentPostprocessing = 0;
		};
/* End PBXCopyFilesBuildPhase section */

/* Begin PBXFileReference section */
		007313A606AC4A22007FD51E /* WLCard.h */ = {isa = PBXFileReference; fileEncoding = 30; lastKnownFileType = sourcecode.c.h; path = WLCard.h; sourceTree = "<group>"; };
		007313A706AC4A22007FD51E /* WLDriver.cpp */ = {isa = PBXFileReference; fileEncoding = 30; lastKnownFileType = sourcecode.cpp.cpp; path = WLDriver.cpp; sourceTree = "<group>"; };
		007313A806AC4A22007FD51E /* WLUserClient.h */ = {isa = PBXFileReference; fileEncoding = 30; lastKnownFileType = sourcecode.c.h; path = WLUserClient.h; sourceTree = "<group>"; };
		007313A906AC4A22007FD51E /* WLFrame.h */ = {isa = PBXFileReference; fileEncoding = 30; lastKnownFileType = sourcecode.c.h; path = WLFrame.h; sourceTree = "<group>"; };
		007313AA06AC4A22007FD51E /* WLLog.h */ = {isa = PBXFileReference; fileEncoding = 30; lastKnownFileType = sourcecode.c.h; path = WLLog.h; sourceTree = "<group>"; };
		007313AB06AC4A22007FD51E /* WLUserClient.cpp */ = {isa = PBXFileReference; fileEncoding = 30; lastKnownFileType = sourcecode.cpp.cpp; path = WLUserClient.cpp; sourceTree = "<group>"; };
		007313AC06AC4A22007FD51E /* WLDriverInterface.h */ = {isa = PBXFileReference; fileEncoding = 30; lastKnownFileType = sourcecode.c.h; path = WLDriverInterface.h; sourceTree = "<group>"; };
		007313AD06AC4A22007FD51E /* WLDriver.h */ = {isa = PBXFileReference; fileEncoding = 30; lastKnownFileType = sourcecode.c.h; path = WLDriver.h; sourceTree = "<group>"; };
		007313AE06AC4A22007FD51E /* WLCard.cpp */ = {isa = PBXFileReference; fileEncoding = 30; lastKnownFileType = sourcecode.cpp.cpp; path = WLCard.cpp; sourceTree = "<group>"; };
		089C167EFE841241C02AAC07 /* English */ = {isa = PBXFileReference; fileEncoding = 10; lastKnownFileType = text.plist.strings; name = English; path = English.lproj/InfoPlist.strings; sourceTree = "<group>"; };
		32D94FCF0562CBF700B6AF17 /* Info.plist */ = {isa = PBXFileReference; lastKnownFileType = text.xml; path = Info.plist; sourceTree = "<group>"; };
		32D94FD00562CBF700B6AF17 /* WLanDriver.kext */ = {isa = PBXFileReference; explicitFileType = wrapper.cfbundle; includeInIndex = 0; path = WLanDriver.kext; sourceTree = BUILT_PRODUCTS_DIR; };
/* End PBXFileReference section */

/* Begin PBXFrameworksBuildPhase section */
		32D94FCB0562CBF700B6AF17 /* Frameworks */ = {
			isa = PBXFrameworksBuildPhase;
			buildActionMask = 2147483647;
			files = (
			);
			runOnlyForDeploymentPostprocessing = 0;
		};
/* End PBXFrameworksBuildPhase section */

/* Begin PBXGroup section */
		089C166AFE841209C02AAC07 /* WLANDriver */ = {
			isa = PBXGroup;
			children = (
				247142CAFF3F8F9811CA285C /* Source */,
				089C167CFE841241C02AAC07 /* Resources */,
				19C28FB6FE9D52B211CA2CBB /* Products */,
			);
			name = WLANDriver;
			sourceTree = "<group>";
		};
		089C167CFE841241C02AAC07 /* Resources */ = {
			isa = PBXGroup;
			children = (
				32D94FCF0562CBF700B6AF17 /* Info.plist */,
				089C167DFE841241C02AAC07 /* InfoPlist.strings */,
			);
			name = Resources;
			sourceTree = "<group>";
		};
		19C28FB6FE9D52B211CA2CBB /* Products */ = {
			isa = PBXGroup;
			children = (
				32D94FD00562CBF700B6AF17 /* WLanDriver.kext */,
			);
			name = Products;
			sourceTree = "<group>";
		};
		247142CAFF3F8F9811CA285C /* Source */ = {
			isa = PBXGroup;
			children = (
				007313A606AC4A22007FD51E /* WLCard.h */,
				007313A706AC4A22007FD51E /* WLDriver.cpp */,
				007313A806AC4A22007FD51E /* WLUserClient.h */,
				007313A906AC4A22007FD51E /* WLFrame.h */,
				007313AA06AC4A22007FD51E /* WLLog.h */,
				007313AB06AC4A22007FD51E /* WLUserClient.cpp */,
				007313AC06AC4A22007FD51E /* WLDriverInterface.h */,
				007313AD06AC4A22007FD51E /* WLDriver.h */,
				007313AE06AC4A22007FD51E /* WLCard.cpp */,
			);
			name = Source;
			sourceTree = "<group>";
		};
/* End PBXGroup section */

/* Begin PBXHeadersBuildPhase section */
		32D94FC50562CBF700B6AF17 /* Headers */ = {
			isa = PBXHeadersBuildPhase;
			buildActionMask = 2147483647;
			files = (
				007313AF06AC4A22007FD51E /* WLCard.h in Headers */,
				007313B106AC4A22007FD51E /* WLUserClient.h in Headers */,
				007313B206AC4A22007FD51E /* WLFrame.h in Headers */,
				007313B306AC4A22007FD51E /* WLLog.h in Headers */,
				007313B506AC4A22007FD51E /* WLDriverInterface.h in Headers */,
				007313B606AC4A22007FD51E /* WLDriver.h in Headers */,
			);
			runOnlyForDeploymentPostprocessing = 0;
		};
/* End PBXHeadersBuildPhase section */

/* Begin PBXNativeTarget section */
		32D94FC30562CBF700B6AF17 /* WLanDriver */ = {
			isa = PBXNativeTarget;
			buildConfigurationList = 00AC26CE087141A400885CB6 /* Build configuration list for PBXNativeTarget "WLanDriver" */;
			buildPhases = (
				32D94FC40562CBF700B6AF17 /* ShellScript */,
				32D94FC50562CBF700B6AF17 /* Headers */,
				32D94FC70562CBF700B6AF17 /* Resources */,
				32D94FC90562CBF700B6AF17 /* Sources */,
				32D94FCB0562CBF700B6AF17 /* Frameworks */,
				32D94FCC0562CBF700B6AF17 /* Rez */,
				32D94FCD0562CBF700B6AF17 /* ShellScript */,
				0073142106AC4ADD007FD51E /* CopyFiles */,
			);
			buildRules = (
			);
			buildSettings = {
				FRAMEWORK_SEARCH_PATHS = "";
				GCC_WARN_FOUR_CHARACTER_CONSTANTS = NO;
				GCC_WARN_UNKNOWN_PRAGMAS = NO;
				HEADER_SEARCH_PATHS = "";
				INFOPLIST_FILE = Info.plist;
				INSTALL_PATH = "$(SYSTEM_LIBRARY_DIR)/Extensions";
				LIBRARY_SEARCH_PATHS = "";
				MODULE_NAME = org.theta44.iokit.WLanDriver;
				MODULE_VERSION = 0.0.2;
				OTHER_CFLAGS = "";
				OTHER_LDFLAGS = "";
				OTHER_REZFLAGS = "";
				PRODUCT_NAME = WLanDriver;
				SECTORDER_FLAGS = "";
				WARNING_CFLAGS = "-Wmost";
				WRAPPER_EXTENSION = kext;
			};
			dependencies = (
			);
			name = WLanDriver;
			productInstallPath = "$(SYSTEM_LIBRARY_DIR)/Extensions";
			productName = VihaDriver;
			productReference = 32D94FD00562CBF700B6AF17 /* WLanDriver.kext */;
			productType = "com.apple.product-type.kernel-extension.iokit";
		};
/* End PBXNativeTarget section */

/* Begin PBXProject section */
		089C1669FE841209C02AAC07 /* Project object */ = {
			isa = PBXProject;
			buildConfigurationList = 00AC26D2087141A400885CB6 /* Build configuration list for PBXProject "WLanDriver" */;
			buildSettings = {
			};
			buildStyles = (
				06AA1265FFB2107B11CA28AA /* Development */,
				06AA1266FFB2107B11CA28AA /* Deployment */,
			);
			hasScannedForEncodings = 1;
			mainGroup = 089C166AFE841209C02AAC07 /* WLANDriver */;
			projectDirPath = "";
			targets = (
				32D94FC30562CBF700B6AF17 /* WLanDriver */,
			);
		};
/* End PBXProject section */

/* Begin PBXResourcesBuildPhase section */
		32D94FC70562CBF700B6AF17 /* Resources */ = {
			isa = PBXResourcesBuildPhase;
			buildActionMask = 2147483647;
			files = (
				32D94FC80562CBF700B6AF17 /* InfoPlist.strings in Resources */,
				007313B806AC4A35007FD51E /* Info.plist in Resources */,
			);
			runOnlyForDeploymentPostprocessing = 0;
		};
/* End PBXResourcesBuildPhase section */

/* Begin PBXRezBuildPhase section */
		32D94FCC0562CBF700B6AF17 /* Rez */ = {
			isa = PBXRezBuildPhase;
			buildActionMask = 2147483647;
			files = (
			);
			runOnlyForDeploymentPostprocessing = 0;
		};
/* End PBXRezBuildPhase section */

/* Begin PBXShellScriptBuildPhase section */
		32D94FC40562CBF700B6AF17 /* ShellScript */ = {
			isa = PBXShellScriptBuildPhase;
			buildActionMask = 2147483647;
			files = (
			);
			runOnlyForDeploymentPostprocessing = 0;
			shellPath = /bin/sh;
			shellScript = "script=\"${SYSTEM_DEVELOPER_DIR}/ProjectBuilder Extras/Kernel Extension Support/KEXTPreprocess\";\nif [ -x \"$script\" ]; then\n    . \"$script\"\nfi";
		};
		32D94FCD0562CBF700B6AF17 /* ShellScript */ = {
			isa = PBXShellScriptBuildPhase;
			buildActionMask = 2147483647;
			files = (
			);
			runOnlyForDeploymentPostprocessing = 0;
			shellPath = /bin/sh;
			shellScript = "script=\"${SYSTEM_DEVELOPER_DIR}/ProjectBuilder Extras/Kernel Extension Support/KEXTPostprocess\";\nif [ -x \"$script\" ]; then\n    . \"$script\"\nfi";
		};
/* End PBXShellScriptBuildPhase section */

/* Begin PBXSourcesBuildPhase section */
		32D94FC90562CBF700B6AF17 /* Sources */ = {
			isa = PBXSourcesBuildPhase;
			buildActionMask = 2147483647;
			files = (
				007313B006AC4A22007FD51E /* WLDriver.cpp in Sources */,
				007313B406AC4A22007FD51E /* WLUserClient.cpp in Sources */,
				007313B706AC4A22007FD51E /* WLCard.cpp in Sources */,
			);
			runOnlyForDeploymentPostprocessing = 0;
		};
/* End PBXSourcesBuildPhase section */

/* Begin PBXVariantGroup section */
		089C167DFE841241C02AAC07 /* InfoPlist.strings */ = {
			isa = PBXVariantGroup;
			children = (
				089C167EFE841241C02AAC07 /* English */,
			);
			name = InfoPlist.strings;
			sourceTree = "<group>";
		};
/* End PBXVariantGroup section */

/* Begin XCBuildConfiguration section */
		00AC26CF087141A400885CB6 /* Development */ = {
			isa = XCBuildConfiguration;
			buildSettings = {
				ARCHS = (
					ppc,
					i386,
				);
				COPY_PHASE_STRIP = NO;
				FRAMEWORK_SEARCH_PATHS = "";
				GCC_DYNAMIC_NO_PIC = NO;
				GCC_ENABLE_FIX_AND_CONTINUE = YES;
				GCC_GENERATE_DEBUGGING_SYMBOLS = YES;
				GCC_OPTIMIZATION_LEVEL = 0;
				GCC_WARN_FOUR_CHARACTER_CONSTANTS = NO;
				GCC_WARN_UNKNOWN_PRAGMAS = NO;
				HEADER_SEARCH_PATHS = "";
				INFOPLIST_FILE = Info.plist;
				INSTALL_PATH = "$(SYSTEM_LIBRARY_DIR)/Extensions";
				LIBRARY_SEARCH_PATHS = "";
				MODULE_NAME = org.theta44.iokit.WLanDriver;
				MODULE_VERSION = 0.0.2;
				OPTIMIZATION_CFLAGS = "-O0";
				OTHER_CFLAGS = "";
				OTHER_LDFLAGS = "";
				OTHER_REZFLAGS = "";
				PRODUCT_NAME = WLanDriver;
				SECTORDER_FLAGS = "";
				WARNING_CFLAGS = "-Wmost";
				WRAPPER_EXTENSION = kext;
				ZERO_LINK = YES;
			};
			name = Development;
		};
		00AC26D0087141A400885CB6 /* Deployment */ = {
			isa = XCBuildConfiguration;
			buildSettings = {
				COPY_PHASE_STRIP = YES;
				FRAMEWORK_SEARCH_PATHS = "";
				GCC_ENABLE_FIX_AND_CONTINUE = NO;
				GCC_WARN_FOUR_CHARACTER_CONSTANTS = NO;
				GCC_WARN_UNKNOWN_PRAGMAS = NO;
				HEADER_SEARCH_PATHS = "";
				INFOPLIST_FILE = Info.plist;
				INSTALL_PATH = "$(SYSTEM_LIBRARY_DIR)/Extensions";
				LIBRARY_SEARCH_PATHS = "";
				MODULE_NAME = org.theta44.iokit.WLanDriver;
				MODULE_VERSION = 0.0.2;
				OTHER_CFLAGS = "";
				OTHER_LDFLAGS = "";
				OTHER_REZFLAGS = "";
				PRODUCT_NAME = WLanDriver;
				SECTORDER_FLAGS = "";
				WARNING_CFLAGS = "-Wmost";
				WRAPPER_EXTENSION = kext;
				ZERO_LINK = NO;
			};
			name = Deployment;
		};
		00AC26D1087141A400885CB6 /* Default */ = {
			isa = XCBuildConfiguration;
			buildSettings = {
				ARCHS = (
					ppc,
					i386,
				);
				FRAMEWORK_SEARCH_PATHS = "";
				GCC_WARN_FOUR_CHARACTER_CONSTANTS = NO;
				GCC_WARN_UNKNOWN_PRAGMAS = NO;
				HEADER_SEARCH_PATHS = "";
				INFOPLIST_FILE = Info.plist;
				INSTALL_PATH = "$(SYSTEM_LIBRARY_DIR)/Extensions";
				LIBRARY_SEARCH_PATHS = "";
				MODULE_NAME = org.theta44.iokit.WLanDriver;
				MODULE_VERSION = 0.0.2;
				OTHER_CFLAGS = "";
				OTHER_LDFLAGS = "";
				OTHER_REZFLAGS = "";
				PRODUCT_NAME = WLanDriver;
				SECTORDER_FLAGS = "";
				WARNING_CFLAGS = "-Wmost";
				WRAPPER_EXTENSION = kext;
			};
			name = Default;
		};
		00AC26D3087141A400885CB6 /* Development */ = {
			isa = XCBuildConfiguration;
			buildSettings = {
			};
			name = Development;
		};
		00AC26D4087141A400885CB6 /* Deployment */ = {
			isa = XCBuildConfiguration;
			buildSettings = {
				ARCHS = "$(NATIVE_ARCH)";
			};
			name = Deployment;
		};
		00AC26D5087141A400885CB6 /* Default */ = {
			isa = XCBuildConfiguration;
			buildSettings = {
			};
			name = Default;
		};
		6C03D83309B54E36005B2316 /* Universal */ = {
			isa = XCBuildConfiguration;
			buildSettings = {
				COPY_PHASE_STRIP = YES;
				FRAMEWORK_SEARCH_PATHS = "";
				GCC_ENABLE_FIX_AND_CONTINUE = NO;
				GCC_WARN_FOUR_CHARACTER_CONSTANTS = NO;
				GCC_WARN_UNKNOWN_PRAGMAS = NO;
				HEADER_SEARCH_PATHS = "";
				INFOPLIST_FILE = Info.plist;
				INSTALL_PATH = "$(SYSTEM_LIBRARY_DIR)/Extensions";
				LIBRARY_SEARCH_PATHS = "";
				MODULE_NAME = org.theta44.iokit.WLanDriver;
				MODULE_VERSION = 0.0.2;
				OTHER_CFLAGS = "";
				OTHER_LDFLAGS = "";
				OTHER_REZFLAGS = "";
				PRODUCT_NAME = WLanDriver;
				SECTORDER_FLAGS = "";
				WARNING_CFLAGS = "-Wmost";
				WRAPPER_EXTENSION = kext;
				ZERO_LINK = NO;
			};
			name = Universal;
		};
		6C03D83409B54E36005B2316 /* Universal */ = {
			isa = XCBuildConfiguration;
			buildSettings = {
				ARCHS = (
					ppc,
					i386,
				);
				SDKROOT = /Developer/SDKs/MacOSX10.4u.sdk;
			};
			name = Universal;
		};
/* End XCBuildConfiguration section */

/* Begin XCConfigurationList section */
		00AC26CE087141A400885CB6 /* Build configuration list for PBXNativeTarget "WLanDriver" */ = {
			isa = XCConfigurationList;
			buildConfigurations = (
				00AC26CF087141A400885CB6 /* Development */,
				00AC26D0087141A400885CB6 /* Deployment */,
				6C03D83309B54E36005B2316 /* Universal */,
				00AC26D1087141A400885CB6 /* Default */,
			);
			defaultConfigurationIsVisible = 0;
			defaultConfigurationName = Default;
		};
		00AC26D2087141A400885CB6 /* Build configuration list for PBXProject "WLanDriver" */ = {
			isa = XCConfigurationList;
			buildConfigurations = (
				00AC26D3087141A400885CB6 /* Development */,
				00AC26D4087141A400885CB6 /* Deployment */,
				6C03D83409B54E36005B2316 /* Universal */,
				00AC26D5087141A400885CB6 /* Default */,
			);
			defaultConfigurationIsVisible = 0;
			defaultConfigurationName = Default;
		};
/* End XCConfigurationList section */
	};
	rootObject = 089C1669FE841209C02AAC07 /* Project object */;
}
